
Microsoft Visual Studio Solution File, Format Version 12.00
# Visual Studio 15
VisualStudioVersion = 15.0.28307.757
MinimumVisualStudioVersion = 10.0.40219.1
Project("{2150E333-8FDC-42A3-9474-1A3956D46DE8}") = "01基础理论", "01基础理论", "{D8A61DBE-7710-41F6-AB20-7AB459C69084}"
EndProject
Project("{2150E333-8FDC-42A3-9474-1A3956D46DE8}") = "02静态原型", "02静态原型", "{55394928-AEAB-4F4A-A294-CEF29AF0FC46}"
EndProject
Project("{2150E333-8FDC-42A3-9474-1A3956D46DE8}") = "03知识进阶", "03知识进阶", "{DA571E47-0FD5-499D-BD1F-60C10EBEA29D}"
EndProject
Project("{FAE04EC0-301F-11D3-BF4B-00C04F79EFBC}") = "WebLayout", "WebLayout\WebLayout.csproj", "{76769634-8E66-4070-8A4D-EC42D87C531B}"
EndProject
Project("{2150E333-8FDC-42A3-9474-1A3956D46DE8}") = "01委托", "01委托", "{6F54BE01-C11A-482B-A678-F3BEEED3342F}"
EndProject
Project("{FAE04EC0-301F-11D3-BF4B-00C04F79EFBC}") = "WinDelegate01", "WinDelegate01\WinDelegate01.csproj", "{635DF9CB-1A5A-4C15-85DB-33C4289208E2}"
EndProject
Project("{2150E333-8FDC-42A3-9474-1A3956D46DE8}") = "04功能示例", "04功能示例", "{688A9083-F231-476C-A0AB-35258521F7A1}"
EndProject
Project("{2150E333-8FDC-42A3-9474-1A3956D46DE8}") = "01Chart", "01Chart", "{52F0A537-D18F-4A44-9317-E5B8CBC9C8C9}"
EndProject
Project("{FAE04EC0-301F-11D3-BF4B-00C04F79EFBC}") = "WebHightChart图片导出", "WebHightChart图片导出\WebHightChart图片导出.csproj", "{69B2B274-1D56-40D0-8959-6870E7EBC8FB}"
EndProject
Project("{FAE04EC0-301F-11D3-BF4B-00C04F79EFBC}") = "WinDelete02", "WinDelete02\WinDelete02.csproj", "{9BE711AD-6759-4C13-979E-3D2D2E839C60}"
EndProject
Global
	GlobalSection(SolutionConfigurationPlatforms) = preSolution
		Debug|Any CPU = Debug|Any CPU
		Release|Any CPU = Release|Any CPU
	EndGlobalSection
	GlobalSection(ProjectConfigurationPlatforms) = postSolution
		{76769634-8E66-4070-8A4D-EC42D87C531B}.Debug|Any CPU.ActiveCfg = Debug|Any CPU
		{76769634-8E66-4070-8A4D-EC42D87C531B}.Debug|Any CPU.Build.0 = Debug|Any CPU
		{76769634-8E66-4070-8A4D-EC42D87C531B}.Release|Any CPU.ActiveCfg = Release|Any CPU
		{76769634-8E66-4070-8A4D-EC42D87C531B}.Release|Any CPU.Build.0 = Release|Any CPU
		{635DF9CB-1A5A-4C15-85DB-33C4289208E2}.Debug|Any CPU.ActiveCfg = Debug|Any CPU
		{635DF9CB-1A5A-4C15-85DB-33C4289208E2}.Debug|Any CPU.Build.0 = Debug|Any CPU
		{635DF9CB-1A5A-4C15-85DB-33C4289208E2}.Release|Any CPU.ActiveCfg = Release|Any CPU
		{635DF9CB-1A5A-4C15-85DB-33C4289208E2}.Release|Any CPU.Build.0 = Release|Any CPU
		{69B2B274-1D56-40D0-8959-6870E7EBC8FB}.Debug|Any CPU.ActiveCfg = Debug|Any CPU
		{69B2B274-1D56-40D0-8959-6870E7EBC8FB}.Debug|Any CPU.Build.0 = Debug|Any CPU
		{69B2B274-1D56-40D0-8959-6870E7EBC8FB}.Release|Any CPU.ActiveCfg = Release|Any CPU
		{69B2B274-1D56-40D0-8959-6870E7EBC8FB}.Release|Any CPU.Build.0 = Release|Any CPU
		{9BE711AD-6759-4C13-979E-3D2D2E839C60}.Debug|Any CPU.ActiveCfg = Debug|Any CPU
		{9BE711AD-6759-4C13-979E-3D2D2E839C60}.Debug|Any CPU.Build.0 = Debug|Any CPU
		{9BE711AD-6759-4C13-979E-3D2D2E839C60}.Release|Any CPU.ActiveCfg = Release|Any CPU
		{9BE711AD-6759-4C13-979E-3D2D2E839C60}.Release|Any CPU.Build.0 = Release|Any CPU
	EndGlobalSection
	GlobalSection(SolutionProperties) = preSolution
		HideSolutionNode = FALSE
	EndGlobalSection
	GlobalSection(NestedProjects) = preSolution
		{76769634-8E66-4070-8A4D-EC42D87C531B} = {55394928-AEAB-4F4A-A294-CEF29AF0FC46}
		{6F54BE01-C11A-482B-A678-F3BEEED3342F} = {D8A61DBE-7710-41F6-AB20-7AB459C69084}
		{635DF9CB-1A5A-4C15-85DB-33C4289208E2} = {6F54BE01-C11A-482B-A678-F3BEEED3342F}
		{52F0A537-D18F-4A44-9317-E5B8CBC9C8C9} = {688A9083-F231-476C-A0AB-35258521F7A1}
		{69B2B274-1D56-40D0-8959-6870E7EBC8FB} = {52F0A537-D18F-4A44-9317-E5B8CBC9C8C9}
		{9BE711AD-6759-4C13-979E-3D2D2E839C60} = {6F54BE01-C11A-482B-A678-F3BEEED3342F}
	EndGlobalSection
	GlobalSection(ExtensibilityGlobals) = postSolution
		SolutionGuid = {C7E947F8-67C3-4445-BF3F-4B36C7FBA94C}
	EndGlobalSection
EndGlobal
